// !$*UTF8*$!
{
	archiveVersion = 1;
	classes = {
	};
	objectVersion = 46;
	objects = {

/* Begin PBXBuildFile section */
		B03A23D21CC53D3C00DDE48A /* AppDelegate.swift in Sources */ = {isa = PBXBuildFile; fileRef = B03A23D11CC53D3C00DDE48A /* AppDelegate.swift */; };
		B03A23D41CC53D3C00DDE48A /* ViewController.swift in Sources */ = {isa = PBXBuildFile; fileRef = B03A23D31CC53D3C00DDE48A /* ViewController.swift */; };
		B03A23D71CC53D3C00DDE48A /* Main.storyboard in Resources */ = {isa = PBXBuildFile; fileRef = B03A23D51CC53D3C00DDE48A /* Main.storyboard */; };
		B03A23D91CC53D3C00DDE48A /* Assets.xcassets in Resources */ = {isa = PBXBuildFile; fileRef = B03A23D81CC53D3C00DDE48A /* Assets.xcassets */; };
		B03A23DC1CC53D3C00DDE48A /* LaunchScreen.storyboard in Resources */ = {isa = PBXBuildFile; fileRef = B03A23DA1CC53D3C00DDE48A /* LaunchScreen.storyboard */; };
		B03A23E71CC53D3C00DDE48A /* babybadassTests.swift in Sources */ = {isa = PBXBuildFile; fileRef = B03A23E61CC53D3C00DDE48A /* babybadassTests.swift */; };
		B03A23F21CC53D3C00DDE48A /* babybadassUITests.swift in Sources */ = {isa = PBXBuildFile; fileRef = B03A23F11CC53D3C00DDE48A /* babybadassUITests.swift */; };
		B03A24001CC544F700DDE48A /* Animal.swift in Sources */ = {isa = PBXBuildFile; fileRef = B03A23FF1CC544F700DDE48A /* Animal.swift */; };
		B03A24021CC547A600DDE48A /* Mammal.swift in Sources */ = {isa = PBXBuildFile; fileRef = B03A24011CC547A600DDE48A /* Mammal.swift */; };
		B03A24041CC5F75F00DDE48A /* Dog.swift in Sources */ = {isa = PBXBuildFile; fileRef = B03A24031CC5F75F00DDE48A /* Dog.swift */; };
		B03A24061CC5F80800DDE48A /* Cat.swift in Sources */ = {isa = PBXBuildFile; fileRef = B03A24051CC5F80800DDE48A /* Cat.swift */; };
		B03A240B1CC603F000DDE48A /* Bird.swift in Sources */ = {isa = PBXBuildFile; fileRef = B03A240A1CC603F000DDE48A /* Bird.swift */; };
		B03A240D1CC6047800DDE48A /* Reptile.swift in Sources */ = {isa = PBXBuildFile; fileRef = B03A240C1CC6047800DDE48A /* Reptile.swift */; };
		B03A240F1CC6072A00DDE48A /* Amphibian.swift in Sources */ = {isa = PBXBuildFile; fileRef = B03A240E1CC6072A00DDE48A /* Amphibian.swift */; };
		B03A24111CC6075000DDE48A /* FishClass.swift in Sources */ = {isa = PBXBuildFile; fileRef = B03A24101CC6075000DDE48A /* FishClass.swift */; };
		B03A24141CC607EB00DDE48A /* Alligator.swift in Sources */ = {isa = PBXBuildFile; fileRef = B03A24131CC607EB00DDE48A /* Alligator.swift */; };
		B03A24161CC6082900DDE48A /* Bunny.swift in Sources */ = {isa = PBXBuildFile; fileRef = B03A24151CC6082900DDE48A /* Bunny.swift */; };
		B03A24191CC6086300DDE48A /* Chick.swift in Sources */ = {isa = PBXBuildFile; fileRef = B03A24181CC6086300DDE48A /* Chick.swift */; };
		B03A241B1CC608D900DDE48A /* Arthropod.swift in Sources */ = {isa = PBXBuildFile; fileRef = B03A241A1CC608D900DDE48A /* Arthropod.swift */; };
		B03A241E1CC6094E00DDE48A /* Crab.swift in Sources */ = {isa = PBXBuildFile; fileRef = B03A241D1CC6094E00DDE48A /* Crab.swift */; };
		B03A24201CC6099700DDE48A /* Elephant.swift in Sources */ = {isa = PBXBuildFile; fileRef = B03A241F1CC6099700DDE48A /* Elephant.swift */; };
		B03A24231CC60A5200DDE48A /* Fish.swift in Sources */ = {isa = PBXBuildFile; fileRef = B03A24221CC60A5200DDE48A /* Fish.swift */; };
		B03A24261CC60AD700DDE48A /* Frog.swift in Sources */ = {isa = PBXBuildFile; fileRef = B03A24251CC60AD700DDE48A /* Frog.swift */; };
		B03A24281CC60B7400DDE48A /* Giraffe.swift in Sources */ = {isa = PBXBuildFile; fileRef = B03A24271CC60B7400DDE48A /* Giraffe.swift */; };
		B03A242A1CC60BBE00DDE48A /* Lion.swift in Sources */ = {isa = PBXBuildFile; fileRef = B03A24291CC60BBE00DDE48A /* Lion.swift */; };
		B03A242C1CC60BF400DDE48A /* Owl.swift in Sources */ = {isa = PBXBuildFile; fileRef = B03A242B1CC60BF400DDE48A /* Owl.swift */; };
		B03A242E1CC60C7100DDE48A /* Panda.swift in Sources */ = {isa = PBXBuildFile; fileRef = B03A242D1CC60C7100DDE48A /* Panda.swift */; };
		B03A24301CC60C9D00DDE48A /* Penguin.swift in Sources */ = {isa = PBXBuildFile; fileRef = B03A242F1CC60C9D00DDE48A /* Penguin.swift */; };
		B03A24321CC60E0C00DDE48A /* Pig.swift in Sources */ = {isa = PBXBuildFile; fileRef = B03A24311CC60E0C00DDE48A /* Pig.swift */; };
		B03A24341CC60E3B00DDE48A /* Seahorse.swift in Sources */ = {isa = PBXBuildFile; fileRef = B03A24331CC60E3B00DDE48A /* Seahorse.swift */; };
		B03A24361CC60E6A00DDE48A /* Snake.swift in Sources */ = {isa = PBXBuildFile; fileRef = B03A24351CC60E6A00DDE48A /* Snake.swift */; };
		B03A24381CC60EBA00DDE48A /* Turtle.swift in Sources */ = {isa = PBXBuildFile; fileRef = B03A24371CC60EBA00DDE48A /* Turtle.swift */; };
		B03A243A1CC60EE800DDE48A /* Whale.swift in Sources */ = {isa = PBXBuildFile; fileRef = B03A24391CC60EE800DDE48A /* Whale.swift */; };
		B03A243C1CC60F1B00DDE48A /* Zebra.swift in Sources */ = {isa = PBXBuildFile; fileRef = B03A243B1CC60F1B00DDE48A /* Zebra.swift */; };
/* End PBXBuildFile section */

/* Begin PBXContainerItemProxy section */
		B03A23E31CC53D3C00DDE48A /* PBXContainerItemProxy */ = {
			isa = PBXContainerItemProxy;
			containerPortal = B03A23C61CC53D3C00DDE48A /* Project object */;
			proxyType = 1;
			remoteGlobalIDString = B03A23CD1CC53D3C00DDE48A;
			remoteInfo = babybadass;
		};
		B03A23EE1CC53D3C00DDE48A /* PBXContainerItemProxy */ = {
			isa = PBXContainerItemProxy;
			containerPortal = B03A23C61CC53D3C00DDE48A /* Project object */;
			proxyType = 1;
			remoteGlobalIDString = B03A23CD1CC53D3C00DDE48A;
			remoteInfo = babybadass;
		};
/* End PBXContainerItemProxy section */

/* Begin PBXFileReference section */
		B03A23CE1CC53D3C00DDE48A /* babybadass.app */ = {isa = PBXFileReference; explicitFileType = wrapper.application; includeInIndex = 0; path = babybadass.app; sourceTree = BUILT_PRODUCTS_DIR; };
		B03A23D11CC53D3C00DDE48A /* AppDelegate.swift */ = {isa = PBXFileReference; lastKnownFileType = sourcecode.swift; path = AppDelegate.swift; sourceTree = "<group>"; };
		B03A23D31CC53D3C00DDE48A /* ViewController.swift */ = {isa = PBXFileReference; lastKnownFileType = sourcecode.swift; path = ViewController.swift; sourceTree = "<group>"; };
		B03A23D61CC53D3C00DDE48A /* Base */ = {isa = PBXFileReference; lastKnownFileType = file.storyboard; name = Base; path = Base.lproj/Main.storyboard; sourceTree = "<group>"; };
		B03A23D81CC53D3C00DDE48A /* Assets.xcassets */ = {isa = PBXFileReference; lastKnownFileType = folder.assetcatalog; path = Assets.xcassets; sourceTree = "<group>"; };
		B03A23DB1CC53D3C00DDE48A /* Base */ = {isa = PBXFileReference; lastKnownFileType = file.storyboard; name = Base; path = Base.lproj/LaunchScreen.storyboard; sourceTree = "<group>"; };
		B03A23DD1CC53D3C00DDE48A /* Info.plist */ = {isa = PBXFileReference; lastKnownFileType = text.plist.xml; path = Info.plist; sourceTree = "<group>"; };
		B03A23E21CC53D3C00DDE48A /* babybadassTests.xctest */ = {isa = PBXFileReference; explicitFileType = wrapper.cfbundle; includeInIndex = 0; path = babybadassTests.xctest; sourceTree = BUILT_PRODUCTS_DIR; };
		B03A23E61CC53D3C00DDE48A /* babybadassTests.swift */ = {isa = PBXFileReference; lastKnownFileType = sourcecode.swift; path = babybadassTests.swift; sourceTree = "<group>"; };
		B03A23E81CC53D3C00DDE48A /* Info.plist */ = {isa = PBXFileReference; lastKnownFileType = text.plist.xml; path = Info.plist; sourceTree = "<group>"; };
		B03A23ED1CC53D3C00DDE48A /* babybadassUITests.xctest */ = {isa = PBXFileReference; explicitFileType = wrapper.cfbundle; includeInIndex = 0; path = babybadassUITests.xctest; sourceTree = BUILT_PRODUCTS_DIR; };
		B03A23F11CC53D3C00DDE48A /* babybadassUITests.swift */ = {isa = PBXFileReference; lastKnownFileType = sourcecode.swift; path = babybadassUITests.swift; sourceTree = "<group>"; };
		B03A23F31CC53D3C00DDE48A /* Info.plist */ = {isa = PBXFileReference; lastKnownFileType = text.plist.xml; path = Info.plist; sourceTree = "<group>"; };
		B03A23FF1CC544F700DDE48A /* Animal.swift */ = {isa = PBXFileReference; fileEncoding = 4; lastKnownFileType = sourcecode.swift; path = Animal.swift; sourceTree = "<group>"; };
		B03A24011CC547A600DDE48A /* Mammal.swift */ = {isa = PBXFileReference; fileEncoding = 4; lastKnownFileType = sourcecode.swift; path = Mammal.swift; sourceTree = "<group>"; };
		B03A24031CC5F75F00DDE48A /* Dog.swift */ = {isa = PBXFileReference; fileEncoding = 4; lastKnownFileType = sourcecode.swift; path = Dog.swift; sourceTree = "<group>"; };
		B03A24051CC5F80800DDE48A /* Cat.swift */ = {isa = PBXFileReference; fileEncoding = 4; lastKnownFileType = sourcecode.swift; path = Cat.swift; sourceTree = "<group>"; };
		B03A240A1CC603F000DDE48A /* Bird.swift */ = {isa = PBXFileReference; fileEncoding = 4; lastKnownFileType = sourcecode.swift; path = Bird.swift; sourceTree = "<group>"; };
		B03A240C1CC6047800DDE48A /* Reptile.swift */ = {isa = PBXFileReference; fileEncoding = 4; lastKnownFileType = sourcecode.swift; path = Reptile.swift; sourceTree = "<group>"; };
		B03A240E1CC6072A00DDE48A /* Amphibian.swift */ = {isa = PBXFileReference; fileEncoding = 4; lastKnownFileType = sourcecode.swift; path = Amphibian.swift; sourceTree = "<group>"; };
		B03A24101CC6075000DDE48A /* FishClass.swift */ = {isa = PBXFileReference; fileEncoding = 4; lastKnownFileType = sourcecode.swift; path = FishClass.swift; sourceTree = "<group>"; };
		B03A24131CC607EB00DDE48A /* Alligator.swift */ = {isa = PBXFileReference; fileEncoding = 4; lastKnownFileType = sourcecode.swift; path = Alligator.swift; sourceTree = "<group>"; };
		B03A24151CC6082900DDE48A /* Bunny.swift */ = {isa = PBXFileReference; fileEncoding = 4; lastKnownFileType = sourcecode.swift; path = Bunny.swift; sourceTree = "<group>"; };
		B03A24181CC6086300DDE48A /* Chick.swift */ = {isa = PBXFileReference; fileEncoding = 4; lastKnownFileType = sourcecode.swift; path = Chick.swift; sourceTree = "<group>"; };
		B03A241A1CC608D900DDE48A /* Arthropod.swift */ = {isa = PBXFileReference; fileEncoding = 4; lastKnownFileType = sourcecode.swift; path = Arthropod.swift; sourceTree = "<group>"; };
		B03A241D1CC6094E00DDE48A /* Crab.swift */ = {isa = PBXFileReference; fileEncoding = 4; lastKnownFileType = sourcecode.swift; path = Crab.swift; sourceTree = "<group>"; };
		B03A241F1CC6099700DDE48A /* Elephant.swift */ = {isa = PBXFileReference; fileEncoding = 4; lastKnownFileType = sourcecode.swift; path = Elephant.swift; sourceTree = "<group>"; };
		B03A24221CC60A5200DDE48A /* Fish.swift */ = {isa = PBXFileReference; fileEncoding = 4; lastKnownFileType = sourcecode.swift; path = Fish.swift; sourceTree = "<group>"; };
		B03A24251CC60AD700DDE48A /* Frog.swift */ = {isa = PBXFileReference; fileEncoding = 4; lastKnownFileType = sourcecode.swift; path = Frog.swift; sourceTree = "<group>"; };
		B03A24271CC60B7400DDE48A /* Giraffe.swift */ = {isa = PBXFileReference; fileEncoding = 4; lastKnownFileType = sourcecode.swift; path = Giraffe.swift; sourceTree = "<group>"; };
		B03A24291CC60BBE00DDE48A /* Lion.swift */ = {isa = PBXFileReference; fileEncoding = 4; lastKnownFileType = sourcecode.swift; path = Lion.swift; sourceTree = "<group>"; };
		B03A242B1CC60BF400DDE48A /* Owl.swift */ = {isa = PBXFileReference; fileEncoding = 4; lastKnownFileType = sourcecode.swift; path = Owl.swift; sourceTree = "<group>"; };
		B03A242D1CC60C7100DDE48A /* Panda.swift */ = {isa = PBXFileReference; fileEncoding = 4; lastKnownFileType = sourcecode.swift; path = Panda.swift; sourceTree = "<group>"; };
		B03A242F1CC60C9D00DDE48A /* Penguin.swift */ = {isa = PBXFileReference; fileEncoding = 4; lastKnownFileType = sourcecode.swift; path = Penguin.swift; sourceTree = "<group>"; };
		B03A24311CC60E0C00DDE48A /* Pig.swift */ = {isa = PBXFileReference; fileEncoding = 4; lastKnownFileType = sourcecode.swift; path = Pig.swift; sourceTree = "<group>"; };
		B03A24331CC60E3B00DDE48A /* Seahorse.swift */ = {isa = PBXFileReference; fileEncoding = 4; lastKnownFileType = sourcecode.swift; path = Seahorse.swift; sourceTree = "<group>"; };
		B03A24351CC60E6A00DDE48A /* Snake.swift */ = {isa = PBXFileReference; fileEncoding = 4; lastKnownFileType = sourcecode.swift; path = Snake.swift; sourceTree = "<group>"; };
		B03A24371CC60EBA00DDE48A /* Turtle.swift */ = {isa = PBXFileReference; fileEncoding = 4; lastKnownFileType = sourcecode.swift; path = Turtle.swift; sourceTree = "<group>"; };
		B03A24391CC60EE800DDE48A /* Whale.swift */ = {isa = PBXFileReference; fileEncoding = 4; lastKnownFileType = sourcecode.swift; path = Whale.swift; sourceTree = "<group>"; };
		B03A243B1CC60F1B00DDE48A /* Zebra.swift */ = {isa = PBXFileReference; fileEncoding = 4; lastKnownFileType = sourcecode.swift; path = Zebra.swift; sourceTree = "<group>"; };
/* End PBXFileReference section */

/* Begin PBXFrameworksBuildPhase section */
		B03A23CB1CC53D3C00DDE48A /* Frameworks */ = {
			isa = PBXFrameworksBuildPhase;
			buildActionMask = 2147483647;
			files = (
			);
			runOnlyForDeploymentPostprocessing = 0;
		};
		B03A23DF1CC53D3C00DDE48A /* Frameworks */ = {
			isa = PBXFrameworksBuildPhase;
			buildActionMask = 2147483647;
			files = (
			);
			runOnlyForDeploymentPostprocessing = 0;
		};
		B03A23EA1CC53D3C00DDE48A /* Frameworks */ = {
			isa = PBXFrameworksBuildPhase;
			buildActionMask = 2147483647;
			files = (
			);
			runOnlyForDeploymentPostprocessing = 0;
		};
/* End PBXFrameworksBuildPhase section */

/* Begin PBXGroup section */
		B03A23C51CC53D3C00DDE48A = {
			isa = PBXGroup;
			children = (
				B03A23D01CC53D3C00DDE48A /* babybadass */,
				B03A23E51CC53D3C00DDE48A /* babybadassTests */,
				B03A23F01CC53D3C00DDE48A /* babybadassUITests */,
				B03A23CF1CC53D3C00DDE48A /* Products */,
			);
			sourceTree = "<group>";
		};
		B03A23CF1CC53D3C00DDE48A /* Products */ = {
			isa = PBXGroup;
			children = (
				B03A23CE1CC53D3C00DDE48A /* babybadass.app */,
				B03A23E21CC53D3C00DDE48A /* babybadassTests.xctest */,
				B03A23ED1CC53D3C00DDE48A /* babybadassUITests.xctest */,
			);
			name = Products;
			sourceTree = "<group>";
		};
		B03A23D01CC53D3C00DDE48A /* babybadass */ = {
			isa = PBXGroup;
			children = (
				B03A24091CC6035C00DDE48A /* models */,
				B03A23D11CC53D3C00DDE48A /* AppDelegate.swift */,
				B03A23D31CC53D3C00DDE48A /* ViewController.swift */,
				B03A23D51CC53D3C00DDE48A /* Main.storyboard */,
				B03A23D81CC53D3C00DDE48A /* Assets.xcassets */,
				B03A23DA1CC53D3C00DDE48A /* LaunchScreen.storyboard */,
				B03A23DD1CC53D3C00DDE48A /* Info.plist */,
			);
			path = babybadass;
			sourceTree = "<group>";
		};
		B03A23E51CC53D3C00DDE48A /* babybadassTests */ = {
			isa = PBXGroup;
			children = (
				B03A23E61CC53D3C00DDE48A /* babybadassTests.swift */,
				B03A23E81CC53D3C00DDE48A /* Info.plist */,
			);
			path = babybadassTests;
			sourceTree = "<group>";
		};
		B03A23F01CC53D3C00DDE48A /* babybadassUITests */ = {
			isa = PBXGroup;
			children = (
				B03A23F11CC53D3C00DDE48A /* babybadassUITests.swift */,
				B03A23F31CC53D3C00DDE48A /* Info.plist */,
			);
			path = babybadassUITests;
			sourceTree = "<group>";
		};
		B03A24071CC6018800DDE48A /* classes */ = {
			isa = PBXGroup;
			children = (
				B03A24241CC60AC600DDE48A /* amphibians */,
				B03A24211CC609E100DDE48A /* fish */,
				B03A241C1CC6092800DDE48A /* arthropods */,
				B03A24171CC6085800DDE48A /* birds */,
				B03A24121CC607C100DDE48A /* reptiles */,
				B03A24081CC6032B00DDE48A /* mammals */,
				B03A24011CC547A600DDE48A /* Mammal.swift */,
				B03A240A1CC603F000DDE48A /* Bird.swift */,
				B03A240C1CC6047800DDE48A /* Reptile.swift */,
				B03A240E1CC6072A00DDE48A /* Amphibian.swift */,
				B03A24101CC6075000DDE48A /* FishClass.swift */,
				B03A241A1CC608D900DDE48A /* Arthropod.swift */,
			);
			name = classes;
			sourceTree = "<group>";
		};
		B03A24081CC6032B00DDE48A /* mammals */ = {
			isa = PBXGroup;
			children = (
				B03A24031CC5F75F00DDE48A /* Dog.swift */,
				B03A24051CC5F80800DDE48A /* Cat.swift */,
				B03A24151CC6082900DDE48A /* Bunny.swift */,
				B03A241F1CC6099700DDE48A /* Elephant.swift */,
				B03A24271CC60B7400DDE48A /* Giraffe.swift */,
				B03A24291CC60BBE00DDE48A /* Lion.swift */,
				B03A242D1CC60C7100DDE48A /* Panda.swift */,
				B03A24311CC60E0C00DDE48A /* Pig.swift */,
				B03A24391CC60EE800DDE48A /* Whale.swift */,
				B03A243B1CC60F1B00DDE48A /* Zebra.swift */,
			);
			name = mammals;
			sourceTree = "<group>";
		};
		B03A24091CC6035C00DDE48A /* models */ = {
			isa = PBXGroup;
			children = (
				B03A23FF1CC544F700DDE48A /* Animal.swift */,
				B03A24071CC6018800DDE48A /* classes */,
			);
			name = models;
			sourceTree = "<group>";
		};
		B03A24121CC607C100DDE48A /* reptiles */ = {
			isa = PBXGroup;
			children = (
				B03A24131CC607EB00DDE48A /* Alligator.swift */,
				B03A24351CC60E6A00DDE48A /* Snake.swift */,
				B03A24371CC60EBA00DDE48A /* Turtle.swift */,
			);
			name = reptiles;
			sourceTree = "<group>";
		};
		B03A24171CC6085800DDE48A /* birds */ = {
			isa = PBXGroup;
			children = (
				B03A24181CC6086300DDE48A /* Chick.swift */,
				B03A242B1CC60BF400DDE48A /* Owl.swift */,
				B03A242F1CC60C9D00DDE48A /* Penguin.swift */,
			);
			name = birds;
			sourceTree = "<group>";
		};
		B03A241C1CC6092800DDE48A /* arthropods */ = {
			isa = PBXGroup;
			children = (
				B03A241D1CC6094E00DDE48A /* Crab.swift */,
			);
			name = arthropods;
			sourceTree = "<group>";
		};
		B03A24211CC609E100DDE48A /* fish */ = {
			isa = PBXGroup;
			children = (
				B03A24221CC60A5200DDE48A /* Fish.swift */,
				B03A24331CC60E3B00DDE48A /* Seahorse.swift */,
			);
			name = fish;
			sourceTree = "<group>";
		};
		B03A24241CC60AC600DDE48A /* amphibians */ = {
			isa = PBXGroup;
			children = (
				B03A24251CC60AD700DDE48A /* Frog.swift */,
			);
			name = amphibians;
			sourceTree = "<group>";
		};
/* End PBXGroup section */

/* Begin PBXNativeTarget section */
		B03A23CD1CC53D3C00DDE48A /* babybadass */ = {
			isa = PBXNativeTarget;
			buildConfigurationList = B03A23F61CC53D3C00DDE48A /* Build configuration list for PBXNativeTarget "babybadass" */;
			buildPhases = (
				B03A23CA1CC53D3C00DDE48A /* Sources */,
				B03A23CB1CC53D3C00DDE48A /* Frameworks */,
				B03A23CC1CC53D3C00DDE48A /* Resources */,
			);
			buildRules = (
			);
			dependencies = (
			);
			name = babybadass;
			productName = babybadass;
			productReference = B03A23CE1CC53D3C00DDE48A /* babybadass.app */;
			productType = "com.apple.product-type.application";
		};
		B03A23E11CC53D3C00DDE48A /* babybadassTests */ = {
			isa = PBXNativeTarget;
			buildConfigurationList = B03A23F91CC53D3C00DDE48A /* Build configuration list for PBXNativeTarget "babybadassTests" */;
			buildPhases = (
				B03A23DE1CC53D3C00DDE48A /* Sources */,
				B03A23DF1CC53D3C00DDE48A /* Frameworks */,
				B03A23E01CC53D3C00DDE48A /* Resources */,
			);
			buildRules = (
			);
			dependencies = (
				B03A23E41CC53D3C00DDE48A /* PBXTargetDependency */,
			);
			name = babybadassTests;
			productName = babybadassTests;
			productReference = B03A23E21CC53D3C00DDE48A /* babybadassTests.xctest */;
			productType = "com.apple.product-type.bundle.unit-test";
		};
		B03A23EC1CC53D3C00DDE48A /* babybadassUITests */ = {
			isa = PBXNativeTarget;
			buildConfigurationList = B03A23FC1CC53D3C00DDE48A /* Build configuration list for PBXNativeTarget "babybadassUITests" */;
			buildPhases = (
				B03A23E91CC53D3C00DDE48A /* Sources */,
				B03A23EA1CC53D3C00DDE48A /* Frameworks */,
				B03A23EB1CC53D3C00DDE48A /* Resources */,
			);
			buildRules = (
			);
			dependencies = (
				B03A23EF1CC53D3C00DDE48A /* PBXTargetDependency */,
			);
			name = babybadassUITests;
			productName = babybadassUITests;
			productReference = B03A23ED1CC53D3C00DDE48A /* babybadassUITests.xctest */;
			productType = "com.apple.product-type.bundle.ui-testing";
		};
/* End PBXNativeTarget section */

/* Begin PBXProject section */
		B03A23C61CC53D3C00DDE48A /* Project object */ = {
			isa = PBXProject;
			attributes = {
				LastSwiftUpdateCheck = 0730;
				LastUpgradeCheck = 0730;
				ORGANIZATIONNAME = "Sean Cannon";
				TargetAttributes = {
					B03A23CD1CC53D3C00DDE48A = {
						CreatedOnToolsVersion = 7.3;
					};
					B03A23E11CC53D3C00DDE48A = {
						CreatedOnToolsVersion = 7.3;
						TestTargetID = B03A23CD1CC53D3C00DDE48A;
					};
					B03A23EC1CC53D3C00DDE48A = {
						CreatedOnToolsVersion = 7.3;
						TestTargetID = B03A23CD1CC53D3C00DDE48A;
					};
				};
			};
			buildConfigurationList = B03A23C91CC53D3C00DDE48A /* Build configuration list for PBXProject "babybadass" */;
			compatibilityVersion = "Xcode 3.2";
			developmentRegion = English;
			hasScannedForEncodings = 0;
			knownRegions = (
				en,
				Base,
			);
			mainGroup = B03A23C51CC53D3C00DDE48A;
			productRefGroup = B03A23CF1CC53D3C00DDE48A /* Products */;
			projectDirPath = "";
			projectRoot = "";
			targets = (
				B03A23CD1CC53D3C00DDE48A /* babybadass */,
				B03A23E11CC53D3C00DDE48A /* babybadassTests */,
				B03A23EC1CC53D3C00DDE48A /* babybadassUITests */,
			);
		};
/* End PBXProject section */

/* Begin PBXResourcesBuildPhase section */
		B03A23CC1CC53D3C00DDE48A /* Resources */ = {
			isa = PBXResourcesBuildPhase;
			buildActionMask = 2147483647;
			files = (
				B03A23DC1CC53D3C00DDE48A /* LaunchScreen.storyboard in Resources */,
				B03A23D91CC53D3C00DDE48A /* Assets.xcassets in Resources */,
				B03A23D71CC53D3C00DDE48A /* Main.storyboard in Resources */,
			);
			runOnlyForDeploymentPostprocessing = 0;
		};
		B03A23E01CC53D3C00DDE48A /* Resources */ = {
			isa = PBXResourcesBuildPhase;
			buildActionMask = 2147483647;
			files = (
			);
			runOnlyForDeploymentPostprocessing = 0;
		};
		B03A23EB1CC53D3C00DDE48A /* Resources */ = {
			isa = PBXResourcesBuildPhase;
			buildActionMask = 2147483647;
			files = (
			);
			runOnlyForDeploymentPostprocessing = 0;
		};
/* End PBXResourcesBuildPhase section */

/* Begin PBXSourcesBuildPhase section */
		B03A23CA1CC53D3C00DDE48A /* Sources */ = {
			isa = PBXSourcesBuildPhase;
			buildActionMask = 2147483647;
			files = (
				B03A242E1CC60C7100DDE48A /* Panda.swift in Sources */,
				B03A241E1CC6094E00DDE48A /* Crab.swift in Sources */,
				B03A24191CC6086300DDE48A /* Chick.swift in Sources */,
				B03A240F1CC6072A00DDE48A /* Amphibian.swift in Sources */,
				B03A24021CC547A600DDE48A /* Mammal.swift in Sources */,
				B03A240B1CC603F000DDE48A /* Bird.swift in Sources */,
				B03A24141CC607EB00DDE48A /* Alligator.swift in Sources */,
				B03A23D41CC53D3C00DDE48A /* ViewController.swift in Sources */,
				B03A24061CC5F80800DDE48A /* Cat.swift in Sources */,
				B03A243C1CC60F1B00DDE48A /* Zebra.swift in Sources */,
				B03A24281CC60B7400DDE48A /* Giraffe.swift in Sources */,
				B03A24161CC6082900DDE48A /* Bunny.swift in Sources */,
				B03A24111CC6075000DDE48A /* FishClass.swift in Sources */,
				B03A24321CC60E0C00DDE48A /* Pig.swift in Sources */,
				B03A24201CC6099700DDE48A /* Elephant.swift in Sources */,
				B03A24231CC60A5200DDE48A /* Fish.swift in Sources */,
				B03A24301CC60C9D00DDE48A /* Penguin.swift in Sources */,
				B03A23D21CC53D3C00DDE48A /* AppDelegate.swift in Sources */,
				B03A242C1CC60BF400DDE48A /* Owl.swift in Sources */,
				B03A24341CC60E3B00DDE48A /* Seahorse.swift in Sources */,
				B03A243A1CC60EE800DDE48A /* Whale.swift in Sources */,
				B03A24261CC60AD700DDE48A /* Frog.swift in Sources */,
				B03A240D1CC6047800DDE48A /* Reptile.swift in Sources */,
				B03A241B1CC608D900DDE48A /* Arthropod.swift in Sources */,
				B03A24041CC5F75F00DDE48A /* Dog.swift in Sources */,
				B03A24381CC60EBA00DDE48A /* Turtle.swift in Sources */,
				B03A24001CC544F700DDE48A /* Animal.swift in Sources */,
				B03A24361CC60E6A00DDE48A /* Snake.swift in Sources */,
				B03A242A1CC60BBE00DDE48A /* Lion.swift in Sources */,
			);
			runOnlyForDeploymentPostprocessing = 0;
		};
		B03A23DE1CC53D3C00DDE48A /* Sources */ = {
			isa = PBXSourcesBuildPhase;
			buildActionMask = 2147483647;
			files = (
				B03A23E71CC53D3C00DDE48A /* babybadassTests.swift in Sources */,
			);
			runOnlyForDeploymentPostprocessing = 0;
		};
		B03A23E91CC53D3C00DDE48A /* Sources */ = {
			isa = PBXSourcesBuildPhase;
			buildActionMask = 2147483647;
			files = (
				B03A23F21CC53D3C00DDE48A /* babybadassUITests.swift in Sources */,
			);
			runOnlyForDeploymentPostprocessing = 0;
		};
/* End PBXSourcesBuildPhase section */

/* Begin PBXTargetDependency section */
		B03A23E41CC53D3C00DDE48A /* PBXTargetDependency */ = {
			isa = PBXTargetDependency;
			target = B03A23CD1CC53D3C00DDE48A /* babybadass */;
			targetProxy = B03A23E31CC53D3C00DDE48A /* PBXContainerItemProxy */;
		};
		B03A23EF1CC53D3C00DDE48A /* PBXTargetDependency */ = {
			isa = PBXTargetDependency;
			target = B03A23CD1CC53D3C00DDE48A /* babybadass */;
			targetProxy = B03A23EE1CC53D3C00DDE48A /* PBXContainerItemProxy */;
		};
/* End PBXTargetDependency section */

/* Begin PBXVariantGroup section */
		B03A23D51CC53D3C00DDE48A /* Main.storyboard */ = {
			isa = PBXVariantGroup;
			children = (
				B03A23D61CC53D3C00DDE48A /* Base */,
			);
			name = Main.storyboard;
			sourceTree = "<group>";
		};
		B03A23DA1CC53D3C00DDE48A /* LaunchScreen.storyboard */ = {
			isa = PBXVariantGroup;
			children = (
				B03A23DB1CC53D3C00DDE48A /* Base */,
			);
			name = LaunchScreen.storyboard;
			sourceTree = "<group>";
		};
/* End PBXVariantGroup section */

/* Begin XCBuildConfiguration section */
		B03A23F41CC53D3C00DDE48A /* Debug */ = {
			isa = XCBuildConfiguration;
			buildSettings = {
				ALWAYS_SEARCH_USER_PATHS = NO;
				CLANG_ANALYZER_NONNULL = YES;
				CLANG_CXX_LANGUAGE_STANDARD = "gnu++0x";
				CLANG_CXX_LIBRARY = "libc++";
				CLANG_ENABLE_MODULES = YES;
				CLANG_ENABLE_OBJC_ARC = YES;
				CLANG_WARN_BOOL_CONVERSION = YES;
				CLANG_WARN_CONSTANT_CONVERSION = YES;
				CLANG_WARN_DIRECT_OBJC_ISA_USAGE = YES_ERROR;
				CLANG_WARN_EMPTY_BODY = YES;
				CLANG_WARN_ENUM_CONVERSION = YES;
				CLANG_WARN_INT_CONVERSION = YES;
				CLANG_WARN_OBJC_ROOT_CLASS = YES_ERROR;
				CLANG_WARN_UNREACHABLE_CODE = YES;
				CLANG_WARN__DUPLICATE_METHOD_MATCH = YES;
				"CODE_SIGN_IDENTITY[sdk=iphoneos*]" = "iPhone Developer";
				COPY_PHASE_STRIP = NO;
				DEBUG_INFORMATION_FORMAT = dwarf;
				ENABLE_STRICT_OBJC_MSGSEND = YES;
				ENABLE_TESTABILITY = YES;
				GCC_C_LANGUAGE_STANDARD = gnu99;
				GCC_DYNAMIC_NO_PIC = NO;
				GCC_NO_COMMON_BLOCKS = YES;
				GCC_OPTIMIZATION_LEVEL = 0;
				GCC_PREPROCESSOR_DEFINITIONS = (
					"DEBUG=1",
					"$(inherited)",
				);
				GCC_WARN_64_TO_32_BIT_CONVERSION = YES;
				GCC_WARN_ABOUT_RETURN_TYPE = YES_ERROR;
				GCC_WARN_UNDECLARED_SELECTOR = YES;
				GCC_WARN_UNINITIALIZED_AUTOS = YES_AGGRESSIVE;
				GCC_WARN_UNUSED_FUNCTION = YES;
				GCC_WARN_UNUSED_VARIABLE = YES;
				IPHONEOS_DEPLOYMENT_TARGET = 9.3;
				MTL_ENABLE_DEBUG_INFO = YES;
				ONLY_ACTIVE_ARCH = YES;
				SDKROOT = iphoneos;
				SWIFT_OPTIMIZATION_LEVEL = "-Onone";
				TARGETED_DEVICE_FAMILY = "1,2";
			};
			name = Debug;
		};
		B03A23F51CC53D3C00DDE48A /* Release */ = {
			isa = XCBuildConfiguration;
			buildSettings = {
				ALWAYS_SEARCH_USER_PATHS = NO;
				CLANG_ANALYZER_NONNULL = YES;
				CLANG_CXX_LANGUAGE_STANDARD = "gnu++0x";
				CLANG_CXX_LIBRARY = "libc++";
				CLANG_ENABLE_MODULES = YES;
				CLANG_ENABLE_OBJC_ARC = YES;
				CLANG_WARN_BOOL_CONVERSION = YES;
				CLANG_WARN_CONSTANT_CONVERSION = YES;
				CLANG_WARN_DIRECT_OBJC_ISA_USAGE = YES_ERROR;
				CLANG_WARN_EMPTY_BODY = YES;
				CLANG_WARN_ENUM_CONVERSION = YES;
				CLANG_WARN_INT_CONVERSION = YES;
				CLANG_WARN_OBJC_ROOT_CLASS = YES_ERROR;
				CLANG_WARN_UNREACHABLE_CODE = YES;
				CLANG_WARN__DUPLICATE_METHOD_MATCH = YES;
				"CODE_SIGN_IDENTITY[sdk=iphoneos*]" = "iPhone Developer";
				COPY_PHASE_STRIP = NO;
				DEBUG_INFORMATION_FORMAT = "dwarf-with-dsym";
				ENABLE_NS_ASSERTIONS = NO;
				ENABLE_STRICT_OBJC_MSGSEND = YES;
				GCC_C_LANGUAGE_STANDARD = gnu99;
				GCC_NO_COMMON_BLOCKS = YES;
				GCC_WARN_64_TO_32_BIT_CONVERSION = YES;
				GCC_WARN_ABOUT_RETURN_TYPE = YES_ERROR;
				GCC_WARN_UNDECLARED_SELECTOR = YES;
				GCC_WARN_UNINITIALIZED_AUTOS = YES_AGGRESSIVE;
				GCC_WARN_UNUSED_FUNCTION = YES;
				GCC_WARN_UNUSED_VARIABLE = YES;
				IPHONEOS_DEPLOYMENT_TARGET = 9.3;
				MTL_ENABLE_DEBUG_INFO = NO;
				SDKROOT = iphoneos;
				TARGETED_DEVICE_FAMILY = "1,2";
				VALIDATE_PRODUCT = YES;
			};
			name = Release;
		};
		B03A23F71CC53D3C00DDE48A /* Debug */ = {
			isa = XCBuildConfiguration;
			buildSettings = {
				ASSETCATALOG_COMPILER_APPICON_NAME = AppIcon;
				INFOPLIST_FILE = babybadass/Info.plist;
				LD_RUNPATH_SEARCH_PATHS = "$(inherited) @executable_path/Frameworks";
				PRODUCT_BUNDLE_IDENTIFIER = com.taplogik.babybadass;
				PRODUCT_NAME = "$(TARGET_NAME)";
			};
			name = Debug;
		};
		B03A23F81CC53D3C00DDE48A /* Release */ = {
			isa = XCBuildConfiguration;
			buildSettings = {
				ASSETCATALOG_COMPILER_APPICON_NAME = AppIcon;
				INFOPLIST_FILE = babybadass/Info.plist;
				LD_RUNPATH_SEARCH_PATHS = "$(inherited) @executable_path/Frameworks";
				PRODUCT_BUNDLE_IDENTIFIER = com.taplogik.babybadass;
				PRODUCT_NAME = "$(TARGET_NAME)";
			};
			name = Release;
		};
		B03A23FA1CC53D3C00DDE48A /* Debug */ = {
			isa = XCBuildConfiguration;
			buildSettings = {
				BUNDLE_LOADER = "$(TEST_HOST)";
				INFOPLIST_FILE = babybadassTests/Info.plist;
				LD_RUNPATH_SEARCH_PATHS = "$(inherited) @executable_path/Frameworks @loader_path/Frameworks";
				PRODUCT_BUNDLE_IDENTIFIER = com.taplogik.babybadassTests;
				PRODUCT_NAME = "$(TARGET_NAME)";
				TEST_HOST = "$(BUILT_PRODUCTS_DIR)/babybadass.app/babybadass";
			};
			name = Debug;
		};
		B03A23FB1CC53D3C00DDE48A /* Release */ = {
			isa = XCBuildConfiguration;
			buildSettings = {
				BUNDLE_LOADER = "$(TEST_HOST)";
				INFOPLIST_FILE = babybadassTests/Info.plist;
				LD_RUNPATH_SEARCH_PATHS = "$(inherited) @executable_path/Frameworks @loader_path/Frameworks";
				PRODUCT_BUNDLE_IDENTIFIER = com.taplogik.babybadassTests;
				PRODUCT_NAME = "$(TARGET_NAME)";
				TEST_HOST = "$(BUILT_PRODUCTS_DIR)/babybadass.app/babybadass";
			};
			name = Release;
		};
		B03A23FD1CC53D3C00DDE48A /* Debug */ = {
			isa = XCBuildConfiguration;
			buildSettings = {
				INFOPLIST_FILE = babybadassUITests/Info.plist;
				LD_RUNPATH_SEARCH_PATHS = "$(inherited) @executable_path/Frameworks @loader_path/Frameworks";
				PRODUCT_BUNDLE_IDENTIFIER = com.taplogik.babybadassUITests;
				PRODUCT_NAME = "$(TARGET_NAME)";
				TEST_TARGET_NAME = babybadass;
			};
			name = Debug;
		};
		B03A23FE1CC53D3C00DDE48A /* Release */ = {
			isa = XCBuildConfiguration;
			buildSettings = {
				INFOPLIST_FILE = babybadassUITests/Info.plist;
				LD_RUNPATH_SEARCH_PATHS = "$(inherited) @executable_path/Frameworks @loader_path/Frameworks";
				PRODUCT_BUNDLE_IDENTIFIER = com.taplogik.babybadassUITests;
				PRODUCT_NAME = "$(TARGET_NAME)";
				TEST_TARGET_NAME = babybadass;
			};
			name = Release;
		};
/* End XCBuildConfiguration section */

/* Begin XCConfigurationList section */
		B03A23C91CC53D3C00DDE48A /* Build configuration list for PBXProject "babybadass" */ = {
			isa = XCConfigurationList;
			buildConfigurations = (
				B03A23F41CC53D3C00DDE48A /* Debug */,
				B03A23F51CC53D3C00DDE48A /* Release */,
			);
			defaultConfigurationIsVisible = 0;
			defaultConfigurationName = Release;
		};
		B03A23F61CC53D3C00DDE48A /* Build configuration list for PBXNativeTarget "babybadass" */ = {
			isa = XCConfigurationList;
			buildConfigurations = (
				B03A23F71CC53D3C00DDE48A /* Debug */,
				B03A23F81CC53D3C00DDE48A /* Release */,
			);
			defaultConfigurationIsVisible = 0;
			defaultConfigurationName = Release;
		};
		B03A23F91CC53D3C00DDE48A /* Build configuration list for PBXNativeTarget "babybadassTests" */ = {
			isa = XCConfigurationList;
			buildConfigurations = (
				B03A23FA1CC53D3C00DDE48A /* Debug */,
				B03A23FB1CC53D3C00DDE48A /* Release */,
			);
			defaultConfigurationIsVisible = 0;
			defaultConfigurationName = Release;
		};
		B03A23FC1CC53D3C00DDE48A /* Build configuration list for PBXNativeTarget "babybadassUITests" */ = {
			isa = XCConfigurationList;
			buildConfigurations = (
				B03A23FD1CC53D3C00DDE48A /* Debug */,
				B03A23FE1CC53D3C00DDE48A /* Release */,
			);
			defaultConfigurationIsVisible = 0;
			defaultConfigurationName = Release;
		};
/* End XCConfigurationList section */
	};
	rootObject = B03A23C61CC53D3C00DDE48A /* Project object */;
}
